{
    "_readme": [
        "This file locks the dependencies of your project to a known state",
        "Read more about it at https://getcomposer.org/doc/01-basic-usage.md#installing-dependencies",
        "This file is @generated automatically"
    ],
    "content-hash": "9fec77884aef77a6c30e8000b8c37097",
    "packages": [
        {
            "name": "leafs/anchor",
            "version": "v5.0",
            "source": {
                "type": "git",
                "url": "https://github.com/leafsphp/anchor.git",
                "reference": "c9333d9455b5e0978f625710fcead463106cb61f"
            },
            "dist": {
                "type": "zip",
                "url": "https://api.github.com/repos/leafsphp/anchor/zipball/c9333d9455b5e0978f625710fcead463106cb61f",
                "reference": "c9333d9455b5e0978f625710fcead463106cb61f",
                "shasum": ""
            },
            "require": {
                "php": "^8.2"
            },
            "require-dev": {
                "friendsofphp/php-cs-fixer": "*",
                "leafs/alchemy": "^5.0",
                "pestphp/pest": "*"
            },
            "type": "library",
            "autoload": {
                "psr-4": {
                    "Leaf\\": "src"
                }
            },
            "notification-url": "https://packagist.org/downloads/",
            "license": [
                "MIT"
            ],
            "authors": [
                {
                    "name": "Michael Darko",
                    "email": "mickdd22@gmail.com",
                    "homepage": "https://mychi.netlify.app",
                    "role": "Developer"
                }
            ],
            "description": "Leaf PHP util module",
            "homepage": "https://leafphp.netlify.app/#/",
            "keywords": [
                "framework",
                "leaf",
                "php",
                "util"
            ],
            "support": {
                "issues": "https://github.com/leafsphp/anchor/issues",
                "source": "https://github.com/leafsphp/anchor/tree/v5.0"
            },
            "funding": [
                {
                    "url": "https://github.com/leafsphp",
                    "type": "github"
                },
                {
                    "url": "https://opencollective.com/leaf",
                    "type": "open_collective"
                }
            ],
            "time": "2026-08-12T22:19:16+00:00"
        },
        {
            "name": "leafs/exception",
            "version": "v5.0.2",
            "source": {
                "type": "git",
                "url": "https://github.com/leafsphp/exceptions.git",
                "reference": "c526aa3467cd756636cbff8199d63e7e19e0de4e"
            },
            "dist": {
                "type": "zip",
                "url": "https://api.github.com/repos/leafsphp/exceptions/zipball/c526aa3467cd756636cbff8199d63e7e19e0de4e",
                "reference": "c526aa3467cd756636cbff8199d63e7e19e0de4e",
                "shasum": ""
            },
            "require": {
                "php": "^8.2"
            },
            "require-dev": {
                "friendsofphp/php-cs-fixer": "*",
                "leafs/alchemy": "^5.0",
                "pestphp/pest": "*"
            },
            "suggest": {
                "symfony/var-dumper": "Pretty print complex values better with var-dumper available"
            },
            "type": "library",
            "autoload": {
                "files": [
                    "src/functions.php"
                ],
                "psr-4": {
                    "Leaf\\": "src"
                }
            },
            "notification-url": "https://packagist.org/downloads/",
            "license": [
                "MIT"
            ],
            "authors": [
                {
                    "name": "Michael Darko",
                    "email": "mickdd22@gmail.com",
                    "homepage": "https://mychi.netlify.app",
                    "role": "Developer"
                }
            ],
            "description": "Error handler for leaf (fork of whoops)",
            "homepage": "https://github.com/leafsphp/exception",
            "keywords": [
                "error",
                "exception",
                "handling",
                "library",
                "throwable",
                "whoops"
            ],
            "support": {
                "source": "https://github.com/leafsphp/exceptions/tree/v5.0.2"
            },
            "funding": [
                {
                    "url": "https://github.com/leafsphp",
                    "type": "github"
                },
                {
                    "url": "https://opencollective.com/leaf",
                    "type": "open_collective"
                }
            ],
            "time": "2026-09-13T22:50:02+00:00"
        },
        {
            "name": "leafs/form",
            "version": "v5.0.1",
            "source": {
                "type": "git",
                "url": "https://github.com/leafsphp/form.git",
                "reference": "99c050b2139d9bcc728994e71cc3f77e6184b4fa"
            },
            "dist": {
                "type": "zip",
                "url": "https://api.github.com/repos/leafsphp/form/zipball/99c050b2139d9bcc728994e71cc3f77e6184b4fa",
                "reference": "99c050b2139d9bcc728994e71cc3f77e6184b4fa",
                "shasum": ""
            },
            "require": {
                "ext-json": "*",
                "leafs/anchor": "^5.0",
                "php": "^8.2"
            },
            "require-dev": {
                "friendsofphp/php-cs-fixer": "*",
                "leafs/alchemy": "^5.0",
                "pestphp/pest": "*"
            },
            "type": "library",
            "autoload": {
                "files": [
                    "src/functions.php"
                ],
                "psr-4": {
                    "Leaf\\": "src"
                }
            },
            "notification-url": "https://packagist.org/downloads/",
            "license": [
                "MIT"
            ],
            "authors": [
                {
                    "name": "Michael Darko",
                    "email": "mickdd22@gmail.com",
                    "homepage": "https://mychi.netlify.app",
                    "role": "Developer"
                }
            ],
            "description": "Simple straightup data validation",
            "homepage": "https://leafphp.dev/modules/forms/",
            "keywords": [
                "form",
                "framework",
                "leaf",
                "php",
                "validation"
            ],
            "support": {
                "issues": "https://github.com/leafsphp/form/issues",
                "source": "https://github.com/leafsphp/form/tree/v5.0.1"
            },
            "funding": [
                {
                    "url": "https://github.com/leafsphp",
                    "type": "github"
                },
                {
                    "url": "https://opencollective.com/leaf",
                    "type": "open_collective"
                }
            ],
            "time": "2026-08-15T13:39:26+00:00"
        },
        {
            "name": "leafs/fs",
            "version": "v5.0",
            "source": {
                "type": "git",
                "url": "https://github.com/leafsphp/fs.git",
                "reference": "c8a7cb8bcf0396725b29317d70ad943d6e9ccdb0"
            },
            "dist": {
                "type": "zip",
                "url": "https://api.github.com/repos/leafsphp/fs/zipball/c8a7cb8bcf0396725b29317d70ad943d6e9ccdb0",
                "reference": "c8a7cb8bcf0396725b29317d70ad943d6e9ccdb0",
                "shasum": ""
            },
            "require": {
                "php": "^8.2"
            },
            "require-dev": {
                "friendsofphp/php-cs-fixer": "*",
                "leafs/alchemy": "v5.x-dev",
                "pestphp/pest": "*"
            },
            "suggest": {
                "leafs/s3": "Required for storage bucket support (s3:// paths in File::create/upload)"
            },
            "type": "library",
            "autoload": {
                "files": [
                    "src/functions.php"
                ],
                "psr-4": {
                    "Leaf\\": "src"
                }
            },
            "notification-url": "https://packagist.org/downloads/",
            "license": [
                "MIT"
            ],
            "authors": [
                {
                    "name": "Michael Darko",
                    "email": "mickdd22@gmail.com",
                    "homepage": "https://mychi.netlify.app",
                    "role": "Developer"
                }
            ],
            "description": "Leaf file system module",
            "homepage": "https://leafphp.netlify.app/#/",
            "keywords": [
                "files",
                "filesystem",
                "framework",
                "fs",
                "leaf",
                "php"
            ],
            "support": {
                "issues": "https://github.com/leafsphp/fs/issues",
                "source": "https://github.com/leafsphp/fs/tree/v5.0"
            },
            "funding": [
                {
                    "url": "https://github.com/leafsphp",
                    "type": "github"
                },
                {
                    "url": "https://opencollective.com/leaf",
                    "type": "open_collective"
                }
            ],
            "time": "2026-08-12T15:10:08+00:00"
        },
        {
            "name": "leafs/http",
            "version": "v5.0.2",
            "source": {
                "type": "git",
                "url": "https://github.com/leafsphp/http.git",
                "reference": "9cf97b6314f6f627c64dd7ac74d08874baf00056"
            },
            "dist": {
                "type": "zip",
                "url": "https://api.github.com/repos/leafsphp/http/zipball/9cf97b6314f6f627c64dd7ac74d08874baf00056",
                "reference": "9cf97b6314f6f627c64dd7ac74d08874baf00056",
                "shasum": ""
            },
            "require": {
                "leafs/anchor": "^5.0",
                "leafs/form": "^5.0",
                "leafs/fs": "^5.0",
                "php": "^8.2"
            },
            "require-dev": {
                "friendsofphp/php-cs-fixer": "*",
                "leafs/alchemy": "^5.0",
                "pestphp/pest": "*"
            },
            "type": "library",
            "autoload": {
                "files": [
                    "src/functions.php"
                ],
                "psr-4": {
                    "Leaf\\Http\\": "src"
                }
            },
            "notification-url": "https://packagist.org/downloads/",
            "license": [
                "MIT"
            ],
            "authors": [
                {
                    "name": "Michael Darko",
                    "email": "mickdd22@gmail.com",
                    "homepage": "https://mychi.netlify.app",
                    "role": "Developer"
                }
            ],
            "description": "Http abstraction for Leaf PHP",
            "homepage": "https://leafphp.dev/modules/http/v/2/request.html",
            "keywords": [
                "framework",
                "headers",
                "http",
                "leaf",
                "php",
                "request",
                "response"
            ],
            "support": {
                "issues": "https://github.com/leafsphp/http/issues",
                "source": "https://github.com/leafsphp/http/tree/v5.0.2"
            },
            "funding": [
                {
                    "url": "https://github.com/leafsphp",
                    "type": "github"
                },
                {
                    "url": "https://opencollective.com/leaf",
                    "type": "open_collective"
                }
            ],
            "time": "2026-09-13T23:04:19+00:00"
        },
        {
            "name": "leafs/leaf",
            "version": "v5.0",
            "source": {
                "type": "git",
                "url": "https://github.com/leafsphp/leaf.git",
                "reference": "ad61c2a832d90c1c30283d96f7266004843f8116"
            },
            "dist": {
                "type": "zip",
                "url": "https://api.github.com/repos/leafsphp/leaf/zipball/ad61c2a832d90c1c30283d96f7266004843f8116",
                "reference": "ad61c2a832d90c1c30283d96f7266004843f8116",
                "shasum": ""
            },
            "require": {
                "leafs/anchor": "^5.0",
                "leafs/exception": "^5.0",
                "leafs/http": "^5.0",
                "php": "^8.2"
            },
            "require-dev": {
                "friendsofphp/php-cs-fixer": "*",
                "leafs/alchemy": "^5.0",
                "pestphp/pest": "*"
            },
            "type": "library",
            "autoload": {
                "files": [
                    "src/functions.php"
                ],
                "psr-4": {
                    "Leaf\\": "src"
                }
            },
            "notification-url": "https://packagist.org/downloads/",
            "license": [
                "MIT"
            ],
            "authors": [
                {
                    "name": "Michael Darko",
                    "email": "mickdd22@gmail.com",
                    "homepage": "https://mychi.netlify.app",
                    "role": "Developer"
                }
            ],
            "description": "Elegant PHP for modern developers",
            "homepage": "https://leafphp.dev",
            "keywords": [
                "framework",
                "leaf",
                "microframework",
                "php",
                "rest",
                "router"
            ],
            "support": {
                "issues": "https://github.com/leafsphp/leaf/issues",
                "source": "https://github.com/leafsphp/leaf/tree/v5.0"
            },
            "funding": [
                {
                    "url": "https://github.com/leafsphp",
                    "type": "github"
                },
                {
                    "url": "https://opencollective.com/leaf",
                    "type": "open_collective"
                }
            ],
            "time": "2026-08-13T20:07:08+00:00"
        }
    ],
    "packages-dev": [],
    "aliases": [],
    "minimum-stability": "stable",
    "stability-flags": {},
    "prefer-stable": false,
    "prefer-lowest": false,
    "platform": {},
    "platform-dev": {},
    "plugin-api-version": "2.9.0"
}
